
Microsoft Visual Studio Solution File, Format Version 12.00
# Visual Studio Version 17
VisualStudioVersion = 17.3.32804.467
MinimumVisualStudioVersion = 10.0.40219.1
Project("{FAE04EC0-301F-11D3-BF4B-00C04F79EFBC}") = "Demo", "Demo\Demo.csproj", "{333E117B-8EF1-4E92-9EF3-D996CF387E31}"
EndProject
Project("{FAE04EC0-301F-11D3-BF4B-00C04F79EFBC}") = "ClassDemo.Tests", "ClassDemo.Tests\ClassDemo.Tests.csproj", "{700B1E81-4E19-4051-A658-0B254CEDC847}"
EndProject
Global
	GlobalSection(SolutionConfigurationPlatforms) = preSolution
		Debug|Any CPU = Debug|Any CPU
		Release|Any CPU = Release|Any CPU
	EndGlobalSection
	GlobalSection(ProjectConfigurationPlatforms) = postSolution
		{333E117B-8EF1-4E92-9EF3-D996CF387E31}.Debug|Any CPU.ActiveCfg = Debug|Any CPU
		{333E117B-8EF1-4E92-9EF3-D996CF387E31}.Debug|Any CPU.Build.0 = Debug|Any CPU
		{333E117B-8EF1-4E92-9EF3-D996CF387E31}.Release|Any CPU.ActiveCfg = Release|Any CPU
		{333E117B-8EF1-4E92-9EF3-D996CF387E31}.Release|Any CPU.Build.0 = Release|Any CPU
		{700B1E81-4E19-4051-A658-0B254CEDC847}.Debug|Any CPU.ActiveCfg = Debug|Any CPU
		{700B1E81-4E19-4051-A658-0B254CEDC847}.Debug|Any CPU.Build.0 = Debug|Any CPU
		{700B1E81-4E19-4051-A658-0B254CEDC847}.Release|Any CPU.ActiveCfg = Release|Any CPU
		{700B1E81-4E19-4051-A658-0B254CEDC847}.Release|Any CPU.Build.0 = Release|Any CPU
	EndGlobalSection
	GlobalSection(SolutionProperties) = preSolution
		HideSolutionNode = FALSE
	EndGlobalSection
	GlobalSection(ExtensibilityGlobals) = postSolution
		SolutionGuid = {C6737528-B0A9-4FC2-9DFD-1FB19AFF92B3}
	EndGlobalSection
EndGlobal
