
Microsoft Visual Studio Solution File, Format Version 12.00
# Visual Studio Version 17
VisualStudioVersion = 17.3.32804.467
MinimumVisualStudioVersion = 10.0.40219.1
Project("{FAE04EC0-301F-11D3-BF4B-00C04F79EFBC}") = "ShoppingCart", "ShoppingCart\ShoppingCart.csproj", "{8C434AF7-DAF0-4811-9CD5-D904D194F393}"
EndProject
Project("{FAE04EC0-301F-11D3-BF4B-00C04F79EFBC}") = "ShoppingCart.Tests", "ShoppingCart.Tests\ShoppingCart.Tests.csproj", "{F152CC51-4BEA-47DF-B7C6-CEED29F73369}"
EndProject
Global
	GlobalSection(SolutionConfigurationPlatforms) = preSolution
		Debug|Any CPU = Debug|Any CPU
		Release|Any CPU = Release|Any CPU
	EndGlobalSection
	GlobalSection(ProjectConfigurationPlatforms) = postSolution
		{8C434AF7-DAF0-4811-9CD5-D904D194F393}.Debug|Any CPU.ActiveCfg = Debug|Any CPU
		{8C434AF7-DAF0-4811-9CD5-D904D194F393}.Debug|Any CPU.Build.0 = Debug|Any CPU
		{8C434AF7-DAF0-4811-9CD5-D904D194F393}.Release|Any CPU.ActiveCfg = Release|Any CPU
		{8C434AF7-DAF0-4811-9CD5-D904D194F393}.Release|Any CPU.Build.0 = Release|Any CPU
		{F152CC51-4BEA-47DF-B7C6-CEED29F73369}.Debug|Any CPU.ActiveCfg = Debug|Any CPU
		{F152CC51-4BEA-47DF-B7C6-CEED29F73369}.Debug|Any CPU.Build.0 = Debug|Any CPU
		{F152CC51-4BEA-47DF-B7C6-CEED29F73369}.Release|Any CPU.ActiveCfg = Release|Any CPU
		{F152CC51-4BEA-47DF-B7C6-CEED29F73369}.Release|Any CPU.Build.0 = Release|Any CPU
	EndGlobalSection
	GlobalSection(SolutionProperties) = preSolution
		HideSolutionNode = FALSE
	EndGlobalSection
	GlobalSection(ExtensibilityGlobals) = postSolution
		SolutionGuid = {EF82BE89-2636-4D74-9BE9-DF5962543C1C}
	EndGlobalSection
EndGlobal
