
Microsoft Visual Studio Solution File, Format Version 12.00
# Visual Studio Version 17
VisualStudioVersion = 17.1.32210.238
MinimumVisualStudioVersion = 10.0.40219.1
Project("{FAE04EC0-301F-11D3-BF4B-00C04F79EFBC}") = "FaturaYazdırma", "FaturaYazdırma\FaturaYazdırma.csproj", "{F99848EC-4D07-4873-8B16-884A0EFE3EE8}"
EndProject
Global
	GlobalSection(SolutionConfigurationPlatforms) = preSolution
		Debug|Any CPU = Debug|Any CPU
		Release|Any CPU = Release|Any CPU
	EndGlobalSection
	GlobalSection(ProjectConfigurationPlatforms) = postSolution
		{F99848EC-4D07-4873-8B16-884A0EFE3EE8}.Debug|Any CPU.ActiveCfg = Debug|Any CPU
		{F99848EC-4D07-4873-8B16-884A0EFE3EE8}.Debug|Any CPU.Build.0 = Debug|Any CPU
		{F99848EC-4D07-4873-8B16-884A0EFE3EE8}.Release|Any CPU.ActiveCfg = Release|Any CPU
		{F99848EC-4D07-4873-8B16-884A0EFE3EE8}.Release|Any CPU.Build.0 = Release|Any CPU
	EndGlobalSection
	GlobalSection(SolutionProperties) = preSolution
		HideSolutionNode = FALSE
	EndGlobalSection
	GlobalSection(ExtensibilityGlobals) = postSolution
		SolutionGuid = {C88EEE8C-A629-4F95-93B5-E36109CF063D}
	EndGlobalSection
EndGlobal
